
Microsoft Visual Studio Solution File, Format Version 12.00
# Visual Studio Version 16
VisualStudioVersion = 16.0.31613.86
MinimumVisualStudioVersion = 10.0.40219.1
Project("{8BC9CEB8-8B4A-11D0-8D11-00A0C91BC942}") = "Cpp_memory_flip", "Cpp_memory_flip.vcxproj", "{3C9AA5AD-95DD-40D1-A57B-9BD3C64BDCC3}"
EndProject
Global
	GlobalSection(SolutionConfigurationPlatforms) = preSolution
		Debug|x64 = Debug|x64
		Debug|x86 = Debug|x86
		Release|x64 = Release|x64
		Release|x86 = Release|x86
	EndGlobalSection
	GlobalSection(ProjectConfigurationPlatforms) = postSolution
		{3C9AA5AD-95DD-40D1-A57B-9BD3C64BDCC3}.Debug|x64.ActiveCfg = Debug|x64
		{3C9AA5AD-95DD-40D1-A57B-9BD3C64BDCC3}.Debug|x64.Build.0 = Debug|x64
		{3C9AA5AD-95DD-40D1-A57B-9BD3C64BDCC3}.Debug|x86.ActiveCfg = Debug|Win32
		{3C9AA5AD-95DD-40D1-A57B-9BD3C64BDCC3}.Debug|x86.Build.0 = Debug|Win32
		{3C9AA5AD-95DD-40D1-A57B-9BD3C64BDCC3}.Release|x64.ActiveCfg = Release|x64
		{3C9AA5AD-95DD-40D1-A57B-9BD3C64BDCC3}.Release|x64.Build.0 = Release|x64
		{3C9AA5AD-95DD-40D1-A57B-9BD3C64BDCC3}.Release|x86.ActiveCfg = Release|Win32
		{3C9AA5AD-95DD-40D1-A57B-9BD3C64BDCC3}.Release|x86.Build.0 = Release|Win32
	EndGlobalSection
	GlobalSection(SolutionProperties) = preSolution
		HideSolutionNode = FALSE
	EndGlobalSection
	GlobalSection(ExtensibilityGlobals) = postSolution
		SolutionGuid = {B2088A27-0CF9-4D28-976B-C6A79FB5A43B}
	EndGlobalSection
EndGlobal
